// !$*UTF8*$!
{
	archiveVersion = 1;
	classes = {
	};
	objectVersion = 60;
	objects = {

/* Begin PBXBuildFile section */
		20FBDEEA2B8499FA00107807 /* SettingPage.swift in Sources */ = {isa = PBXBuildFile; fileRef = 20FBDEE92B8499FA00107807 /* SettingPage.swift */; };
		3511BCBE2B77E34E00ADB53E /* LocationManager.swift in Sources */ = {isa = PBXBuildFile; fileRef = 3511BCBD2B77E34E00ADB53E /* LocationManager.swift */; };
		3511BCC02B77E35500ADB53E /* RootView.swift in Sources */ = {isa = PBXBuildFile; fileRef = 3511BCBF2B77E35500ADB53E /* RootView.swift */; };
		35898B0E2B858AB0008A96F6 /* Convex in Frameworks */ = {isa = PBXBuildFile; productRef = 35898B0D2B858AB0008A96F6 /* Convex */; };
		35898B102B858FA2008A96F6 /* BetterConvexQuery.swift in Sources */ = {isa = PBXBuildFile; fileRef = 35898B0F2B858FA2008A96F6 /* BetterConvexQuery.swift */; };
		E7A81C3A2B77304D00150AF4 /* YapApp.swift in Sources */ = {isa = PBXBuildFile; fileRef = E7A81C392B77304D00150AF4 /* YapApp.swift */; };
		E7A81C3E2B77304F00150AF4 /* Assets.xcassets in Resources */ = {isa = PBXBuildFile; fileRef = E7A81C3D2B77304F00150AF4 /* Assets.xcassets */; };
		E7A81C412B77304F00150AF4 /* Preview Assets.xcassets in Resources */ = {isa = PBXBuildFile; fileRef = E7A81C402B77304F00150AF4 /* Preview Assets.xcassets */; };
		E7A81C4B2B77304F00150AF4 /* YapTests.swift in Sources */ = {isa = PBXBuildFile; fileRef = E7A81C4A2B77304F00150AF4 /* YapTests.swift */; };
		E7A81C552B77304F00150AF4 /* YapUITests.swift in Sources */ = {isa = PBXBuildFile; fileRef = E7A81C542B77304F00150AF4 /* YapUITests.swift */; };
		E7A81C572B77304F00150AF4 /* YapUITestsLaunchTests.swift in Sources */ = {isa = PBXBuildFile; fileRef = E7A81C562B77304F00150AF4 /* YapUITestsLaunchTests.swift */; };
/* End PBXBuildFile section */

/* Begin PBXContainerItemProxy section */
		E7A81C472B77304F00150AF4 /* PBXContainerItemProxy */ = {
			isa = PBXContainerItemProxy;
			containerPortal = E7A81C2E2B77304D00150AF4 /* Project object */;
			proxyType = 1;
			remoteGlobalIDString = E7A81C352B77304D00150AF4;
			remoteInfo = Yap;
		};
		E7A81C512B77304F00150AF4 /* PBXContainerItemProxy */ = {
			isa = PBXContainerItemProxy;
			containerPortal = E7A81C2E2B77304D00150AF4 /* Project object */;
			proxyType = 1;
			remoteGlobalIDString = E7A81C352B77304D00150AF4;
			remoteInfo = Yap;
		};
/* End PBXContainerItemProxy section */

/* Begin PBXFileReference section */
		20FBDEE92B8499FA00107807 /* SettingPage.swift */ = {isa = PBXFileReference; lastKnownFileType = sourcecode.swift; path = SettingPage.swift; sourceTree = "<group>"; };
		3511BCBD2B77E34E00ADB53E /* LocationManager.swift */ = {isa = PBXFileReference; fileEncoding = 4; lastKnownFileType = sourcecode.swift; path = LocationManager.swift; sourceTree = "<group>"; };
		3511BCBF2B77E35500ADB53E /* RootView.swift */ = {isa = PBXFileReference; fileEncoding = 4; lastKnownFileType = sourcecode.swift; path = RootView.swift; sourceTree = "<group>"; };
		35898B0F2B858FA2008A96F6 /* BetterConvexQuery.swift */ = {isa = PBXFileReference; lastKnownFileType = sourcecode.swift; path = BetterConvexQuery.swift; sourceTree = "<group>"; };
		E7A81C362B77304D00150AF4 /* Yap.app */ = {isa = PBXFileReference; explicitFileType = wrapper.application; includeInIndex = 0; path = Yap.app; sourceTree = BUILT_PRODUCTS_DIR; };
		E7A81C392B77304D00150AF4 /* YapApp.swift */ = {isa = PBXFileReference; lastKnownFileType = sourcecode.swift; path = YapApp.swift; sourceTree = "<group>"; };
		E7A81C3D2B77304F00150AF4 /* Assets.xcassets */ = {isa = PBXFileReference; lastKnownFileType = folder.assetcatalog; path = Assets.xcassets; sourceTree = "<group>"; };
		E7A81C402B77304F00150AF4 /* Preview Assets.xcassets */ = {isa = PBXFileReference; lastKnownFileType = folder.assetcatalog; path = "Preview Assets.xcassets"; sourceTree = "<group>"; };
		E7A81C462B77304F00150AF4 /* YapTests.xctest */ = {isa = PBXFileReference; explicitFileType = wrapper.cfbundle; includeInIndex = 0; path = YapTests.xctest; sourceTree = BUILT_PRODUCTS_DIR; };
		E7A81C4A2B77304F00150AF4 /* YapTests.swift */ = {isa = PBXFileReference; lastKnownFileType = sourcecode.swift; path = YapTests.swift; sourceTree = "<group>"; };
		E7A81C502B77304F00150AF4 /* YapUITests.xctest */ = {isa = PBXFileReference; explicitFileType = wrapper.cfbundle; includeInIndex = 0; path = YapUITests.xctest; sourceTree = BUILT_PRODUCTS_DIR; };
		E7A81C542B77304F00150AF4 /* YapUITests.swift */ = {isa = PBXFileReference; lastKnownFileType = sourcecode.swift; path = YapUITests.swift; sourceTree = "<group>"; };
		E7A81C562B77304F00150AF4 /* YapUITestsLaunchTests.swift */ = {isa = PBXFileReference; lastKnownFileType = sourcecode.swift; path = YapUITestsLaunchTests.swift; sourceTree = "<group>"; };
/* End PBXFileReference section */

/* Begin PBXFrameworksBuildPhase section */
		E7A81C332B77304D00150AF4 /* Frameworks */ = {
			isa = PBXFrameworksBuildPhase;
			buildActionMask = 2147483647;
			files = (
				35898B0E2B858AB0008A96F6 /* Convex in Frameworks */,
			);
			runOnlyForDeploymentPostprocessing = 0;
		};
		E7A81C432B77304F00150AF4 /* Frameworks */ = {
			isa = PBXFrameworksBuildPhase;
			buildActionMask = 2147483647;
			files = (
			);
			runOnlyForDeploymentPostprocessing = 0;
		};
		E7A81C4D2B77304F00150AF4 /* Frameworks */ = {
			isa = PBXFrameworksBuildPhase;
			buildActionMask = 2147483647;
			files = (
			);
			runOnlyForDeploymentPostprocessing = 0;
		};
/* End PBXFrameworksBuildPhase section */

/* Begin PBXGroup section */
		E7A81C2D2B77304D00150AF4 = {
			isa = PBXGroup;
			children = (
				E7A81C382B77304D00150AF4 /* Yap */,
				E7A81C492B77304F00150AF4 /* YapTests */,
				E7A81C532B77304F00150AF4 /* YapUITests */,
				E7A81C372B77304D00150AF4 /* Products */,
			);
			sourceTree = "<group>";
		};
		E7A81C372B77304D00150AF4 /* Products */ = {
			isa = PBXGroup;
			children = (
				E7A81C362B77304D00150AF4 /* Yap.app */,
				E7A81C462B77304F00150AF4 /* YapTests.xctest */,
				E7A81C502B77304F00150AF4 /* YapUITests.xctest */,
			);
			name = Products;
			sourceTree = "<group>";
		};
		E7A81C382B77304D00150AF4 /* Yap */ = {
			isa = PBXGroup;
			children = (
				20FBDEE92B8499FA00107807 /* SettingPage.swift */,
				E7A81C392B77304D00150AF4 /* YapApp.swift */,
				3511BCBD2B77E34E00ADB53E /* LocationManager.swift */,
				3511BCBF2B77E35500ADB53E /* RootView.swift */,
				E7A81C3D2B77304F00150AF4 /* Assets.xcassets */,
				E7A81C3F2B77304F00150AF4 /* Preview Content */,
				35898B0F2B858FA2008A96F6 /* BetterConvexQuery.swift */,
			);
			path = Yap;
			sourceTree = "<group>";
		};
		E7A81C3F2B77304F00150AF4 /* Preview Content */ = {
			isa = PBXGroup;
			children = (
				E7A81C402B77304F00150AF4 /* Preview Assets.xcassets */,
			);
			path = "Preview Content";
			sourceTree = "<group>";
		};
		E7A81C492B77304F00150AF4 /* YapTests */ = {
			isa = PBXGroup;
			children = (
				E7A81C4A2B77304F00150AF4 /* YapTests.swift */,
			);
			path = YapTests;
			sourceTree = "<group>";
		};
		E7A81C532B77304F00150AF4 /* YapUITests */ = {
			isa = PBXGroup;
			children = (
				E7A81C542B77304F00150AF4 /* YapUITests.swift */,
				E7A81C562B77304F00150AF4 /* YapUITestsLaunchTests.swift */,
			);
			path = YapUITests;
			sourceTree = "<group>";
		};
/* End PBXGroup section */

/* Begin PBXNativeTarget section */
		E7A81C352B77304D00150AF4 /* Yap */ = {
			isa = PBXNativeTarget;
			buildConfigurationList = E7A81C5A2B77304F00150AF4 /* Build configuration list for PBXNativeTarget "Yap" */;
			buildPhases = (
				E7A81C322B77304D00150AF4 /* Sources */,
				E7A81C332B77304D00150AF4 /* Frameworks */,
				E7A81C342B77304D00150AF4 /* Resources */,
			);
			buildRules = (
			);
			dependencies = (
			);
			name = Yap;
			packageProductDependencies = (
				35898B0D2B858AB0008A96F6 /* Convex */,
			);
			productName = Yap;
			productReference = E7A81C362B77304D00150AF4 /* Yap.app */;
			productType = "com.apple.product-type.application";
		};
		E7A81C452B77304F00150AF4 /* YapTests */ = {
			isa = PBXNativeTarget;
			buildConfigurationList = E7A81C5D2B77304F00150AF4 /* Build configuration list for PBXNativeTarget "YapTests" */;
			buildPhases = (
				E7A81C422B77304F00150AF4 /* Sources */,
				E7A81C432B77304F00150AF4 /* Frameworks */,
				E7A81C442B77304F00150AF4 /* Resources */,
			);
			buildRules = (
			);
			dependencies = (
				E7A81C482B77304F00150AF4 /* PBXTargetDependency */,
			);
			name = YapTests;
			productName = YapTests;
			productReference = E7A81C462B77304F00150AF4 /* YapTests.xctest */;
			productType = "com.apple.product-type.bundle.unit-test";
		};
		E7A81C4F2B77304F00150AF4 /* YapUITests */ = {
			isa = PBXNativeTarget;
			buildConfigurationList = E7A81C602B77304F00150AF4 /* Build configuration list for PBXNativeTarget "YapUITests" */;
			buildPhases = (
				E7A81C4C2B77304F00150AF4 /* Sources */,
				E7A81C4D2B77304F00150AF4 /* Frameworks */,
				E7A81C4E2B77304F00150AF4 /* Resources */,
			);
			buildRules = (
			);
			dependencies = (
				E7A81C522B77304F00150AF4 /* PBXTargetDependency */,
			);
			name = YapUITests;
			productName = YapUITests;
			productReference = E7A81C502B77304F00150AF4 /* YapUITests.xctest */;
			productType = "com.apple.product-type.bundle.ui-testing";
		};
/* End PBXNativeTarget section */

/* Begin PBXProject section */
		E7A81C2E2B77304D00150AF4 /* Project object */ = {
			isa = PBXProject;
			attributes = {
				BuildIndependentTargetsInParallel = 1;
				LastSwiftUpdateCheck = 1520;
				LastUpgradeCheck = 1520;
				TargetAttributes = {
					E7A81C352B77304D00150AF4 = {
						CreatedOnToolsVersion = 15.2;
					};
					E7A81C452B77304F00150AF4 = {
						CreatedOnToolsVersion = 15.2;
						TestTargetID = E7A81C352B77304D00150AF4;
					};
					E7A81C4F2B77304F00150AF4 = {
						CreatedOnToolsVersion = 15.2;
						TestTargetID = E7A81C352B77304D00150AF4;
					};
				};
			};
			buildConfigurationList = E7A81C312B77304D00150AF4 /* Build configuration list for PBXProject "Yap" */;
			compatibilityVersion = "Xcode 15.0";
			developmentRegion = en;
			hasScannedForEncodings = 0;
			knownRegions = (
				en,
				Base,
			);
			mainGroup = E7A81C2D2B77304D00150AF4;
			packageReferences = (
				35898B0C2B858AB0008A96F6 /* XCRemoteSwiftPackageReference "convex-swift" */,
			);
			productRefGroup = E7A81C372B77304D00150AF4 /* Products */;
			projectDirPath = "";
			projectRoot = "";
			targets = (
				E7A81C352B77304D00150AF4 /* Yap */,
				E7A81C452B77304F00150AF4 /* YapTests */,
				E7A81C4F2B77304F00150AF4 /* YapUITests */,
			);
		};
/* End PBXProject section */

/* Begin PBXResourcesBuildPhase section */
		E7A81C342B77304D00150AF4 /* Resources */ = {
			isa = PBXResourcesBuildPhase;
			buildActionMask = 2147483647;
			files = (
				E7A81C412B77304F00150AF4 /* Preview Assets.xcassets in Resources */,
				E7A81C3E2B77304F00150AF4 /* Assets.xcassets in Resources */,
			);
			runOnlyForDeploymentPostprocessing = 0;
		};
		E7A81C442B77304F00150AF4 /* Resources */ = {
			isa = PBXResourcesBuildPhase;
			buildActionMask = 2147483647;
			files = (
			);
			runOnlyForDeploymentPostprocessing = 0;
		};
		E7A81C4E2B77304F00150AF4 /* Resources */ = {
			isa = PBXResourcesBuildPhase;
			buildActionMask = 2147483647;
			files = (
			);
			runOnlyForDeploymentPostprocessing = 0;
		};
/* End PBXResourcesBuildPhase section */

/* Begin PBXSourcesBuildPhase section */
		E7A81C322B77304D00150AF4 /* Sources */ = {
			isa = PBXSourcesBuildPhase;
			buildActionMask = 2147483647;
			files = (
				3511BCC02B77E35500ADB53E /* RootView.swift in Sources */,
				E7A81C3A2B77304D00150AF4 /* YapApp.swift in Sources */,
				20FBDEEA2B8499FA00107807 /* SettingPage.swift in Sources */,
				35898B102B858FA2008A96F6 /* BetterConvexQuery.swift in Sources */,
				3511BCBE2B77E34E00ADB53E /* LocationManager.swift in Sources */,
			);
			runOnlyForDeploymentPostprocessing = 0;
		};
		E7A81C422B77304F00150AF4 /* Sources */ = {
			isa = PBXSourcesBuildPhase;
			buildActionMask = 2147483647;
			files = (
				E7A81C4B2B77304F00150AF4 /* YapTests.swift in Sources */,
			);
			runOnlyForDeploymentPostprocessing = 0;
		};
		E7A81C4C2B77304F00150AF4 /* Sources */ = {
			isa = PBXSourcesBuildPhase;
			buildActionMask = 2147483647;
			files = (
				E7A81C552B77304F00150AF4 /* YapUITests.swift in Sources */,
				E7A81C572B77304F00150AF4 /* YapUITestsLaunchTests.swift in Sources */,
			);
			runOnlyForDeploymentPostprocessing = 0;
		};
/* End PBXSourcesBuildPhase section */

/* Begin PBXTargetDependency section */
		E7A81C482B77304F00150AF4 /* PBXTargetDependency */ = {
			isa = PBXTargetDependency;
			target = E7A81C352B77304D00150AF4 /* Yap */;
			targetProxy = E7A81C472B77304F00150AF4 /* PBXContainerItemProxy */;
		};
		E7A81C522B77304F00150AF4 /* PBXTargetDependency */ = {
			isa = PBXTargetDependency;
			target = E7A81C352B77304D00150AF4 /* Yap */;
			targetProxy = E7A81C512B77304F00150AF4 /* PBXContainerItemProxy */;
		};
/* End PBXTargetDependency section */

/* Begin XCBuildConfiguration section */
		E7A81C582B77304F00150AF4 /* Debug */ = {
			isa = XCBuildConfiguration;
			buildSettings = {
				ALWAYS_SEARCH_USER_PATHS = NO;
				ASSETCATALOG_COMPILER_GENERATE_SWIFT_ASSET_SYMBOL_EXTENSIONS = YES;
				CLANG_ANALYZER_NONNULL = YES;
				CLANG_ANALYZER_NUMBER_OBJECT_CONVERSION = YES_AGGRESSIVE;
				CLANG_CXX_LANGUAGE_STANDARD = "gnu++20";
				CLANG_ENABLE_MODULES = YES;
				CLANG_ENABLE_OBJC_ARC = YES;
				CLANG_ENABLE_OBJC_WEAK = YES;
				CLANG_WARN_BLOCK_CAPTURE_AUTORELEASING = YES;
				CLANG_WARN_BOOL_CONVERSION = YES;
				CLANG_WARN_COMMA = YES;
				CLANG_WARN_CONSTANT_CONVERSION = YES;
				CLANG_WARN_DEPRECATED_OBJC_IMPLEMENTATIONS = YES;
				CLANG_WARN_DIRECT_OBJC_ISA_USAGE = YES_ERROR;
				CLANG_WARN_DOCUMENTATION_COMMENTS = YES;
				CLANG_WARN_EMPTY_BODY = YES;
				CLANG_WARN_ENUM_CONVERSION = YES;
				CLANG_WARN_INFINITE_RECURSION = YES;
				CLANG_WARN_INT_CONVERSION = YES;
				CLANG_WARN_NON_LITERAL_NULL_CONVERSION = YES;
				CLANG_WARN_OBJC_IMPLICIT_RETAIN_SELF = YES;
				CLANG_WARN_OBJC_LITERAL_CONVERSION = YES;
				CLANG_WARN_OBJC_ROOT_CLASS = YES_ERROR;
				CLANG_WARN_QUOTED_INCLUDE_IN_FRAMEWORK_HEADER = YES;
				CLANG_WARN_RANGE_LOOP_ANALYSIS = YES;
				CLANG_WARN_STRICT_PROTOTYPES = YES;
				CLANG_WARN_SUSPICIOUS_MOVE = YES;
				CLANG_WARN_UNGUARDED_AVAILABILITY = YES_AGGRESSIVE;
				CLANG_WARN_UNREACHABLE_CODE = YES;
				CLANG_WARN__DUPLICATE_METHOD_MATCH = YES;
				COPY_PHASE_STRIP = NO;
				DEBUG_INFORMATION_FORMAT = dwarf;
				ENABLE_STRICT_OBJC_MSGSEND = YES;
				ENABLE_TESTABILITY = YES;
				ENABLE_USER_SCRIPT_SANDBOXING = YES;
				GCC_C_LANGUAGE_STANDARD = gnu17;
				GCC_DYNAMIC_NO_PIC = NO;
				GCC_NO_COMMON_BLOCKS = YES;
				GCC_OPTIMIZATION_LEVEL = 0;
				GCC_PREPROCESSOR_DEFINITIONS = (
					"DEBUG=1",
					"$(inherited)",
				);
				GCC_WARN_64_TO_32_BIT_CONVERSION = YES;
				GCC_WARN_ABOUT_RETURN_TYPE = YES_ERROR;
				GCC_WARN_UNDECLARED_SELECTOR = YES;
				GCC_WARN_UNINITIALIZED_AUTOS = YES_AGGRESSIVE;
				GCC_WARN_UNUSED_FUNCTION = YES;
				GCC_WARN_UNUSED_VARIABLE = YES;
				IPHONEOS_DEPLOYMENT_TARGET = 16.0;
				LOCALIZATION_PREFERS_STRING_CATALOGS = YES;
				MTL_ENABLE_DEBUG_INFO = INCLUDE_SOURCE;
				MTL_FAST_MATH = YES;
				ONLY_ACTIVE_ARCH = YES;
				SDKROOT = iphoneos;
				SWIFT_ACTIVE_COMPILATION_CONDITIONS = "DEBUG $(inherited)";
				SWIFT_OPTIMIZATION_LEVEL = "-Onone";
			};
			name = Debug;
		};
		E7A81C592B77304F00150AF4 /* Release */ = {
			isa = XCBuildConfiguration;
			buildSettings = {
				ALWAYS_SEARCH_USER_PATHS = NO;
				ASSETCATALOG_COMPILER_GENERATE_SWIFT_ASSET_SYMBOL_EXTENSIONS = YES;
				CLANG_ANALYZER_NONNULL = YES;
				CLANG_ANALYZER_NUMBER_OBJECT_CONVERSION = YES_AGGRESSIVE;
				CLANG_CXX_LANGUAGE_STANDARD = "gnu++20";
				CLANG_ENABLE_MODULES = YES;
				CLANG_ENABLE_OBJC_ARC = YES;
				CLANG_ENABLE_OBJC_WEAK = YES;
				CLANG_WARN_BLOCK_CAPTURE_AUTORELEASING = YES;
				CLANG_WARN_BOOL_CONVERSION = YES;
				CLANG_WARN_COMMA = YES;
				CLANG_WARN_CONSTANT_CONVERSION = YES;
				CLANG_WARN_DEPRECATED_OBJC_IMPLEMENTATIONS = YES;
				CLANG_WARN_DIRECT_OBJC_ISA_USAGE = YES_ERROR;
				CLANG_WARN_DOCUMENTATION_COMMENTS = YES;
				CLANG_WARN_EMPTY_BODY = YES;
				CLANG_WARN_ENUM_CONVERSION = YES;
				CLANG_WARN_INFINITE_RECURSION = YES;
				CLANG_WARN_INT_CONVERSION = YES;
				CLANG_WARN_NON_LITERAL_NULL_CONVERSION = YES;
				CLANG_WARN_OBJC_IMPLICIT_RETAIN_SELF = YES;
				CLANG_WARN_OBJC_LITERAL_CONVERSION = YES;
				CLANG_WARN_OBJC_ROOT_CLASS = YES_ERROR;
				CLANG_WARN_QUOTED_INCLUDE_IN_FRAMEWORK_HEADER = YES;
				CLANG_WARN_RANGE_LOOP_ANALYSIS = YES;
				CLANG_WARN_STRICT_PROTOTYPES = YES;
				CLANG_WARN_SUSPICIOUS_MOVE = YES;
				CLANG_WARN_UNGUARDED_AVAILABILITY = YES_AGGRESSIVE;
				CLANG_WARN_UNREACHABLE_CODE = YES;
				CLANG_WARN__DUPLICATE_METHOD_MATCH = YES;
				COPY_PHASE_STRIP = NO;
				DEBUG_INFORMATION_FORMAT = "dwarf-with-dsym";
				ENABLE_NS_ASSERTIONS = NO;
				ENABLE_STRICT_OBJC_MSGSEND = YES;
				ENABLE_USER_SCRIPT_SANDBOXING = YES;
				GCC_C_LANGUAGE_STANDARD = gnu17;
				GCC_NO_COMMON_BLOCKS = YES;
				GCC_WARN_64_TO_32_BIT_CONVERSION = YES;
				GCC_WARN_ABOUT_RETURN_TYPE = YES_ERROR;
				GCC_WARN_UNDECLARED_SELECTOR = YES;
				GCC_WARN_UNINITIALIZED_AUTOS = YES_AGGRESSIVE;
				GCC_WARN_UNUSED_FUNCTION = YES;
				GCC_WARN_UNUSED_VARIABLE = YES;
				IPHONEOS_DEPLOYMENT_TARGET = 16.0;
				LOCALIZATION_PREFERS_STRING_CATALOGS = YES;
				MTL_ENABLE_DEBUG_INFO = NO;
				MTL_FAST_MATH = YES;
				SDKROOT = iphoneos;
				SWIFT_COMPILATION_MODE = wholemodule;
				VALIDATE_PRODUCT = YES;
			};
			name = Release;
		};
		E7A81C5B2B77304F00150AF4 /* Debug */ = {
			isa = XCBuildConfiguration;
			buildSettings = {
				ASSETCATALOG_COMPILER_APPICON_NAME = AppIcon;
				ASSETCATALOG_COMPILER_GLOBAL_ACCENT_COLOR_NAME = AccentColor;
				CODE_SIGN_STYLE = Automatic;
				CURRENT_PROJECT_VERSION = 1;
				DEVELOPMENT_ASSET_PATHS = "\"Yap/Preview Content\"";
				DEVELOPMENT_TEAM = BU4NVKNK4C;
				ENABLE_PREVIEWS = YES;
				GENERATE_INFOPLIST_FILE = YES;
				INFOPLIST_FILE = Yap/Info.plist;
				INFOPLIST_KEY_NSLocationAlwaysAndWhenInUseUsageDescription = "Yap needs your location to find others in your radius";
				INFOPLIST_KEY_NSLocationAlwaysUsageDescription = "Yap needs your location to find others in your radius";
				INFOPLIST_KEY_NSLocationWhenInUseUsageDescription = Testing;
				INFOPLIST_KEY_UIApplicationSceneManifest_Generation = YES;
				INFOPLIST_KEY_UIApplicationSupportsIndirectInputEvents = YES;
				INFOPLIST_KEY_UILaunchScreen_Generation = YES;
				INFOPLIST_KEY_UISupportedInterfaceOrientations_iPad = "UIInterfaceOrientationPortrait UIInterfaceOrientationPortraitUpsideDown UIInterfaceOrientationLandscapeLeft UIInterfaceOrientationLandscapeRight";
				INFOPLIST_KEY_UISupportedInterfaceOrientations_iPhone = "UIInterfaceOrientationPortrait UIInterfaceOrientationLandscapeLeft UIInterfaceOrientationLandscapeRight";
				IPHONEOS_DEPLOYMENT_TARGET = 16.0;
				LD_RUNPATH_SEARCH_PATHS = (
					"$(inherited)",
					"@executable_path/Frameworks",
				);
				MARKETING_VERSION = 1.0;
				PRODUCT_BUNDLE_IDENTIFIER = com.yip.Yap.test;
				PRODUCT_NAME = "$(TARGET_NAME)";
				SWIFT_EMIT_LOC_STRINGS = YES;
				SWIFT_VERSION = 5.0;
				TARGETED_DEVICE_FAMILY = "1,2";
			};
			name = Debug;
		};
		E7A81C5C2B77304F00150AF4 /* Release */ = {
			isa = XCBuildConfiguration;
			buildSettings = {
				ASSETCATALOG_COMPILER_APPICON_NAME = AppIcon;
				ASSETCATALOG_COMPILER_GLOBAL_ACCENT_COLOR_NAME = AccentColor;
				CODE_SIGN_STYLE = Automatic;
				CURRENT_PROJECT_VERSION = 1;
				DEVELOPMENT_ASSET_PATHS = "\"Yap/Preview Content\"";
				DEVELOPMENT_TEAM = BU4NVKNK4C;
				ENABLE_PREVIEWS = YES;
				GENERATE_INFOPLIST_FILE = YES;
				INFOPLIST_FILE = Yap/Info.plist;
				INFOPLIST_KEY_NSLocationAlwaysAndWhenInUseUsageDescription = "Yap needs your location to find others in your radius";
				INFOPLIST_KEY_NSLocationAlwaysUsageDescription = "Yap needs your location to find others in your radius";
				INFOPLIST_KEY_NSLocationWhenInUseUsageDescription = Testing;
				INFOPLIST_KEY_UIApplicationSceneManifest_Generation = YES;
				INFOPLIST_KEY_UIApplicationSupportsIndirectInputEvents = YES;
				INFOPLIST_KEY_UILaunchScreen_Generation = YES;
				INFOPLIST_KEY_UISupportedInterfaceOrientations_iPad = "UIInterfaceOrientationPortrait UIInterfaceOrientationPortraitUpsideDown UIInterfaceOrientationLandscapeLeft UIInterfaceOrientationLandscapeRight";
				INFOPLIST_KEY_UISupportedInterfaceOrientations_iPhone = "UIInterfaceOrientationPortrait UIInterfaceOrientationLandscapeLeft UIInterfaceOrientationLandscapeRight";
				IPHONEOS_DEPLOYMENT_TARGET = 16.0;
				LD_RUNPATH_SEARCH_PATHS = (
					"$(inherited)",
					"@executable_path/Frameworks",
				);
				MARKETING_VERSION = 1.0;
				PRODUCT_BUNDLE_IDENTIFIER = com.yip.Yap.test;
				PRODUCT_NAME = "$(TARGET_NAME)";
				SWIFT_EMIT_LOC_STRINGS = YES;
				SWIFT_VERSION = 5.0;
				TARGETED_DEVICE_FAMILY = "1,2";
			};
			name = Release;
		};
		E7A81C5E2B77304F00150AF4 /* Debug */ = {
			isa = XCBuildConfiguration;
			buildSettings = {
				ALWAYS_EMBED_SWIFT_STANDARD_LIBRARIES = YES;
				BUNDLE_LOADER = "$(TEST_HOST)";
				CODE_SIGN_STYLE = Automatic;
				CURRENT_PROJECT_VERSION = 1;
				DEVELOPMENT_TEAM = Y9KP4W8TWP;
				GENERATE_INFOPLIST_FILE = YES;
				IPHONEOS_DEPLOYMENT_TARGET = 17.2;
				MARKETING_VERSION = 1.0;
				PRODUCT_BUNDLE_IDENTIFIER = com.yip.YapTests;
				PRODUCT_NAME = "$(TARGET_NAME)";
				SWIFT_EMIT_LOC_STRINGS = NO;
				SWIFT_VERSION = 5.0;
				TARGETED_DEVICE_FAMILY = "1,2";
				TEST_HOST = "$(BUILT_PRODUCTS_DIR)/Yap.app/$(BUNDLE_EXECUTABLE_FOLDER_PATH)/Yap";
			};
			name = Debug;
		};
		E7A81C5F2B77304F00150AF4 /* Release */ = {
			isa = XCBuildConfiguration;
			buildSettings = {
				ALWAYS_EMBED_SWIFT_STANDARD_LIBRARIES = YES;
				BUNDLE_LOADER = "$(TEST_HOST)";
				CODE_SIGN_STYLE = Automatic;
				CURRENT_PROJECT_VERSION = 1;
				DEVELOPMENT_TEAM = Y9KP4W8TWP;
				GENERATE_INFOPLIST_FILE = YES;
				IPHONEOS_DEPLOYMENT_TARGET = 17.2;
				MARKETING_VERSION = 1.0;
				PRODUCT_BUNDLE_IDENTIFIER = com.yip.YapTests;
				PRODUCT_NAME = "$(TARGET_NAME)";
				SWIFT_EMIT_LOC_STRINGS = NO;
				SWIFT_VERSION = 5.0;
				TARGETED_DEVICE_FAMILY = "1,2";
				TEST_HOST = "$(BUILT_PRODUCTS_DIR)/Yap.app/$(BUNDLE_EXECUTABLE_FOLDER_PATH)/Yap";
			};
			name = Release;
		};
		E7A81C612B77304F00150AF4 /* Debug */ = {
			isa = XCBuildConfiguration;
			buildSettings = {
				ALWAYS_EMBED_SWIFT_STANDARD_LIBRARIES = YES;
				CODE_SIGN_STYLE = Automatic;
				CURRENT_PROJECT_VERSION = 1;
				DEVELOPMENT_TEAM = Y9KP4W8TWP;
				GENERATE_INFOPLIST_FILE = YES;
				MARKETING_VERSION = 1.0;
				PRODUCT_BUNDLE_IDENTIFIER = com.yip.YapUITests;
				PRODUCT_NAME = "$(TARGET_NAME)";
				SWIFT_EMIT_LOC_STRINGS = NO;
				SWIFT_VERSION = 5.0;
				TARGETED_DEVICE_FAMILY = "1,2";
				TEST_TARGET_NAME = Yap;
			};
			name = Debug;
		};
		E7A81C622B77304F00150AF4 /* Release */ = {
			isa = XCBuildConfiguration;
			buildSettings = {
				ALWAYS_EMBED_SWIFT_STANDARD_LIBRARIES = YES;
				CODE_SIGN_STYLE = Automatic;
				CURRENT_PROJECT_VERSION = 1;
				DEVELOPMENT_TEAM = Y9KP4W8TWP;
				GENERATE_INFOPLIST_FILE = YES;
				MARKETING_VERSION = 1.0;
				PRODUCT_BUNDLE_IDENTIFIER = com.yip.YapUITests;
				PRODUCT_NAME = "$(TARGET_NAME)";
				SWIFT_EMIT_LOC_STRINGS = NO;
				SWIFT_VERSION = 5.0;
				TARGETED_DEVICE_FAMILY = "1,2";
				TEST_TARGET_NAME = Yap;
			};
			name = Release;
		};
/* End XCBuildConfiguration section */

/* Begin XCConfigurationList section */
		E7A81C312B77304D00150AF4 /* Build configuration list for PBXProject "Yap" */ = {
			isa = XCConfigurationList;
			buildConfigurations = (
				E7A81C582B77304F00150AF4 /* Debug */,
				E7A81C592B77304F00150AF4 /* Release */,
			);
			defaultConfigurationIsVisible = 0;
			defaultConfigurationName = Release;
		};
		E7A81C5A2B77304F00150AF4 /* Build configuration list for PBXNativeTarget "Yap" */ = {
			isa = XCConfigurationList;
			buildConfigurations = (
				E7A81C5B2B77304F00150AF4 /* Debug */,
				E7A81C5C2B77304F00150AF4 /* Release */,
			);
			defaultConfigurationIsVisible = 0;
			defaultConfigurationName = Release;
		};
		E7A81C5D2B77304F00150AF4 /* Build configuration list for PBXNativeTarget "YapTests" */ = {
			isa = XCConfigurationList;
			buildConfigurations = (
				E7A81C5E2B77304F00150AF4 /* Debug */,
				E7A81C5F2B77304F00150AF4 /* Release */,
			);
			defaultConfigurationIsVisible = 0;
			defaultConfigurationName = Release;
		};
		E7A81C602B77304F00150AF4 /* Build configuration list for PBXNativeTarget "YapUITests" */ = {
			isa = XCConfigurationList;
			buildConfigurations = (
				E7A81C612B77304F00150AF4 /* Debug */,
				E7A81C622B77304F00150AF4 /* Release */,
			);
			defaultConfigurationIsVisible = 0;
			defaultConfigurationName = Release;
		};
/* End XCConfigurationList section */

/* Begin XCRemoteSwiftPackageReference section */
		35898B0C2B858AB0008A96F6 /* XCRemoteSwiftPackageReference "convex-swift" */ = {
			isa = XCRemoteSwiftPackageReference;
			repositoryURL = "https://github.com/MathieuTricoire/convex-swift";
			requirement = {
				kind = upToNextMajorVersion;
				minimumVersion = 0.0.2;
			};
		};
/* End XCRemoteSwiftPackageReference section */

/* Begin XCSwiftPackageProductDependency section */
		35898B0D2B858AB0008A96F6 /* Convex */ = {
			isa = XCSwiftPackageProductDependency;
			package = 35898B0C2B858AB0008A96F6 /* XCRemoteSwiftPackageReference "convex-swift" */;
			productName = Convex;
		};
/* End XCSwiftPackageProductDependency section */
	};
	rootObject = E7A81C2E2B77304D00150AF4 /* Project object */;
}
